{
  "requires": true,
  "lockfileVersion": 1,
  "dependencies": {
    "most-common": {
      "version": "1.2.1",
      "resolved": "https://registry.npmjs.org/most-common/-/most-common-1.2.1.tgz",
      "integrity": "sha1-S9FxKf5tFydLuw18C5L9UFvzxSk="
    },
    "underscore": {
      "version": "1.9.1",
      "resolved": "https://registry.npmjs.org/underscore/-/underscore-1.9.1.tgz",
      "integrity": "sha512-5/4etnCkd9c8gwgowi5/om/mYO5ajCaOgdzj/oW+0eQV9WxKBDZw5+ycmKmeaTXjInS/W0BzpGLo2xR2aBwZdg=="
    }
  }
}
